
Microsoft Visual Studio Solution File, Format Version 12.00
# Visual Studio Version 17
VisualStudioVersion = 17.5.33516.290
MinimumVisualStudioVersion = 10.0.40219.1
Project("{FAE04EC0-301F-11D3-BF4B-00C04F79EFBC}") = "ЛР15.1", "ЛР15.1\ЛР15.1.csproj", "{2374C529-F18F-4E01-AD36-AB7EAAABA08B}"
EndProject
Global
	GlobalSection(SolutionConfigurationPlatforms) = preSolution
		Debug|Any CPU = Debug|Any CPU
		Release|Any CPU = Release|Any CPU
	EndGlobalSection
	GlobalSection(ProjectConfigurationPlatforms) = postSolution
		{2374C529-F18F-4E01-AD36-AB7EAAABA08B}.Debug|Any CPU.ActiveCfg = Debug|Any CPU
		{2374C529-F18F-4E01-AD36-AB7EAAABA08B}.Debug|Any CPU.Build.0 = Debug|Any CPU
		{2374C529-F18F-4E01-AD36-AB7EAAABA08B}.Release|Any CPU.ActiveCfg = Release|Any CPU
		{2374C529-F18F-4E01-AD36-AB7EAAABA08B}.Release|Any CPU.Build.0 = Release|Any CPU
	EndGlobalSection
	GlobalSection(SolutionProperties) = preSolution
		HideSolutionNode = FALSE
	EndGlobalSection
	GlobalSection(ExtensibilityGlobals) = postSolution
		SolutionGuid = {59D26B65-4B00-407C-BB98-67108FEA02A4}
	EndGlobalSection
EndGlobal
