
Microsoft Visual Studio Solution File, Format Version 12.00
# Visual Studio Version 16
VisualStudioVersion = 16.0.32802.440
MinimumVisualStudioVersion = 10.0.40219.1
Project("{FAE04EC0-301F-11D3-BF4B-00C04F79EFBC}") = "ЛР12.1", "ЛР12.1\ЛР12.1.csproj", "{1F4E2ACF-9FC8-4C31-9EC8-EB2FB3131029}"
EndProject
Project("{FAE04EC0-301F-11D3-BF4B-00C04F79EFBC}") = "ЛР12.2", "ЛР12.2\ЛР12.2.csproj", "{7449C66F-2CA1-45E7-924F-1A7A20E0E40D}"
EndProject
Global
	GlobalSection(SolutionConfigurationPlatforms) = preSolution
		Debug|Any CPU = Debug|Any CPU
		Release|Any CPU = Release|Any CPU
	EndGlobalSection
	GlobalSection(ProjectConfigurationPlatforms) = postSolution
		{1F4E2ACF-9FC8-4C31-9EC8-EB2FB3131029}.Debug|Any CPU.ActiveCfg = Debug|Any CPU
		{1F4E2ACF-9FC8-4C31-9EC8-EB2FB3131029}.Debug|Any CPU.Build.0 = Debug|Any CPU
		{1F4E2ACF-9FC8-4C31-9EC8-EB2FB3131029}.Release|Any CPU.ActiveCfg = Release|Any CPU
		{1F4E2ACF-9FC8-4C31-9EC8-EB2FB3131029}.Release|Any CPU.Build.0 = Release|Any CPU
		{7449C66F-2CA1-45E7-924F-1A7A20E0E40D}.Debug|Any CPU.ActiveCfg = Debug|Any CPU
		{7449C66F-2CA1-45E7-924F-1A7A20E0E40D}.Debug|Any CPU.Build.0 = Debug|Any CPU
		{7449C66F-2CA1-45E7-924F-1A7A20E0E40D}.Release|Any CPU.ActiveCfg = Release|Any CPU
		{7449C66F-2CA1-45E7-924F-1A7A20E0E40D}.Release|Any CPU.Build.0 = Release|Any CPU
	EndGlobalSection
	GlobalSection(SolutionProperties) = preSolution
		HideSolutionNode = FALSE
	EndGlobalSection
	GlobalSection(ExtensibilityGlobals) = postSolution
		SolutionGuid = {75575AF0-82DD-4294-9CA3-1C3AC1048156}
	EndGlobalSection
EndGlobal
