
Microsoft Visual Studio Solution File, Format Version 12.00
# Visual Studio Version 17
VisualStudioVersion = 17.5.33516.290
MinimumVisualStudioVersion = 10.0.40219.1
Project("{FAE04EC0-301F-11D3-BF4B-00C04F79EFBC}") = "ЛР14.1", "ЛР14.1\ЛР14.1.csproj", "{86960FF0-A5B0-432A-8D77-13D5489BAACD}"
EndProject
Global
	GlobalSection(SolutionConfigurationPlatforms) = preSolution
		Debug|Any CPU = Debug|Any CPU
		Release|Any CPU = Release|Any CPU
	EndGlobalSection
	GlobalSection(ProjectConfigurationPlatforms) = postSolution
		{86960FF0-A5B0-432A-8D77-13D5489BAACD}.Debug|Any CPU.ActiveCfg = Debug|Any CPU
		{86960FF0-A5B0-432A-8D77-13D5489BAACD}.Debug|Any CPU.Build.0 = Debug|Any CPU
		{86960FF0-A5B0-432A-8D77-13D5489BAACD}.Release|Any CPU.ActiveCfg = Release|Any CPU
		{86960FF0-A5B0-432A-8D77-13D5489BAACD}.Release|Any CPU.Build.0 = Release|Any CPU
	EndGlobalSection
	GlobalSection(SolutionProperties) = preSolution
		HideSolutionNode = FALSE
	EndGlobalSection
	GlobalSection(ExtensibilityGlobals) = postSolution
		SolutionGuid = {D556F9A0-995A-4CE6-8B0D-4B01E8A99DE8}
	EndGlobalSection
EndGlobal
