
Microsoft Visual Studio Solution File, Format Version 12.00
# Visual Studio Version 17
VisualStudioVersion = 17.5.33516.290
MinimumVisualStudioVersion = 10.0.40219.1
Project("{FAE04EC0-301F-11D3-BF4B-00C04F79EFBC}") = "ЛР18.1", "ЛР18.1\ЛР18.1.csproj", "{DD1EAFD0-92BC-4A54-BBAD-5B7320537EAE}"
EndProject
Global
	GlobalSection(SolutionConfigurationPlatforms) = preSolution
		Debug|Any CPU = Debug|Any CPU
		Release|Any CPU = Release|Any CPU
	EndGlobalSection
	GlobalSection(ProjectConfigurationPlatforms) = postSolution
		{DD1EAFD0-92BC-4A54-BBAD-5B7320537EAE}.Debug|Any CPU.ActiveCfg = Debug|Any CPU
		{DD1EAFD0-92BC-4A54-BBAD-5B7320537EAE}.Debug|Any CPU.Build.0 = Debug|Any CPU
		{DD1EAFD0-92BC-4A54-BBAD-5B7320537EAE}.Release|Any CPU.ActiveCfg = Release|Any CPU
		{DD1EAFD0-92BC-4A54-BBAD-5B7320537EAE}.Release|Any CPU.Build.0 = Release|Any CPU
	EndGlobalSection
	GlobalSection(SolutionProperties) = preSolution
		HideSolutionNode = FALSE
	EndGlobalSection
	GlobalSection(ExtensibilityGlobals) = postSolution
		SolutionGuid = {55D37100-9D5B-4FED-8C24-B210D78E2A23}
	EndGlobalSection
EndGlobal
